
Microsoft Visual Studio Solution File, Format Version 12.00
# Visual Studio Version 16
VisualStudioVersion = 16.0.29503.13
MinimumVisualStudioVersion = 10.0.40219.1
Project("{FAE04EC0-301F-11D3-BF4B-00C04F79EFBC}") = "ProjeCV", "ProjeCV\ProjeCV.csproj", "{2B6A2AE1-7CF6-4F6F-9DBA-70AB533999A3}"
EndProject
Global
	GlobalSection(SolutionConfigurationPlatforms) = preSolution
		Debug|Any CPU = Debug|Any CPU
		Release|Any CPU = Release|Any CPU
	EndGlobalSection
	GlobalSection(ProjectConfigurationPlatforms) = postSolution
		{2B6A2AE1-7CF6-4F6F-9DBA-70AB533999A3}.Debug|Any CPU.ActiveCfg = Debug|Any CPU
		{2B6A2AE1-7CF6-4F6F-9DBA-70AB533999A3}.Debug|Any CPU.Build.0 = Debug|Any CPU
		{2B6A2AE1-7CF6-4F6F-9DBA-70AB533999A3}.Release|Any CPU.ActiveCfg = Release|Any CPU
		{2B6A2AE1-7CF6-4F6F-9DBA-70AB533999A3}.Release|Any CPU.Build.0 = Release|Any CPU
	EndGlobalSection
	GlobalSection(SolutionProperties) = preSolution
		HideSolutionNode = FALSE
	EndGlobalSection
	GlobalSection(ExtensibilityGlobals) = postSolution
		SolutionGuid = {7732FDE3-6A77-4A25-BB49-661515A159C4}
	EndGlobalSection
EndGlobal
